
Microsoft Visual Studio Solution File, Format Version 12.00
# Visual Studio Version 17
VisualStudioVersion = 17.9.34723.18
MinimumVisualStudioVersion = 10.0.40219.1
Project("{9A19103F-16F7-4668-BE54-9A1E7A4F7556}") = "OgWeb", "OgWeb\OgWeb.csproj", "{80A610A8-D7EA-48D8-8FC6-39652FAAAD47}"
EndProject
Project("{FAE04EC0-301F-11D3-BF4B-00C04F79EFBC}") = "MockLibrary.Tests", "MockLibrary.Tests\MockLibrary.Tests.csproj", "{609DAC56-8F4E-4CA5-A55A-7D1F50364C64}"
EndProject
Global
	GlobalSection(SolutionConfigurationPlatforms) = preSolution
		Debug|Any CPU = Debug|Any CPU
		Release|Any CPU = Release|Any CPU
	EndGlobalSection
	GlobalSection(ProjectConfigurationPlatforms) = postSolution
		{80A610A8-D7EA-48D8-8FC6-39652FAAAD47}.Debug|Any CPU.ActiveCfg = Debug|Any CPU
		{80A610A8-D7EA-48D8-8FC6-39652FAAAD47}.Debug|Any CPU.Build.0 = Debug|Any CPU
		{80A610A8-D7EA-48D8-8FC6-39652FAAAD47}.Release|Any CPU.ActiveCfg = Release|Any CPU
		{80A610A8-D7EA-48D8-8FC6-39652FAAAD47}.Release|Any CPU.Build.0 = Release|Any CPU
		{609DAC56-8F4E-4CA5-A55A-7D1F50364C64}.Debug|Any CPU.ActiveCfg = Debug|Any CPU
		{609DAC56-8F4E-4CA5-A55A-7D1F50364C64}.Debug|Any CPU.Build.0 = Debug|Any CPU
		{609DAC56-8F4E-4CA5-A55A-7D1F50364C64}.Release|Any CPU.ActiveCfg = Release|Any CPU
		{609DAC56-8F4E-4CA5-A55A-7D1F50364C64}.Release|Any CPU.Build.0 = Release|Any CPU
	EndGlobalSection
	GlobalSection(SolutionProperties) = preSolution
		HideSolutionNode = FALSE
	EndGlobalSection
	GlobalSection(ExtensibilityGlobals) = postSolution
		SolutionGuid = {E7275E02-AE86-4A95-AFBA-D3981457804D}
	EndGlobalSection
EndGlobal
